
Microsoft Visual Studio Solution File, Format Version 12.00
# Visual Studio Version 16
VisualStudioVersion = 16.0.31025.194
MinimumVisualStudioVersion = 10.0.40219.1
Project("{FAE04EC0-301F-11D3-BF4B-00C04F79EFBC}") = "Tur_Firma", "Tur_Firma\Tur_Firma.csproj", "{C58A4006-BD25-423D-9501-EF21B6C3EA4A}"
EndProject
Global
	GlobalSection(SolutionConfigurationPlatforms) = preSolution
		Debug|Any CPU = Debug|Any CPU
		Release|Any CPU = Release|Any CPU
	EndGlobalSection
	GlobalSection(ProjectConfigurationPlatforms) = postSolution
		{C58A4006-BD25-423D-9501-EF21B6C3EA4A}.Debug|Any CPU.ActiveCfg = Debug|Any CPU
		{C58A4006-BD25-423D-9501-EF21B6C3EA4A}.Debug|Any CPU.Build.0 = Debug|Any CPU
		{C58A4006-BD25-423D-9501-EF21B6C3EA4A}.Release|Any CPU.ActiveCfg = Release|Any CPU
		{C58A4006-BD25-423D-9501-EF21B6C3EA4A}.Release|Any CPU.Build.0 = Release|Any CPU
	EndGlobalSection
	GlobalSection(SolutionProperties) = preSolution
		HideSolutionNode = FALSE
	EndGlobalSection
	GlobalSection(ExtensibilityGlobals) = postSolution
		SolutionGuid = {C6A40956-66AD-4E3F-98C9-E8B43DC8A43F}
	EndGlobalSection
EndGlobal
